
Microsoft Visual Studio Solution File, Format Version 12.00
# Visual Studio Version 17
VisualStudioVersion = 17.0.31912.275
MinimumVisualStudioVersion = 10.0.40219.1
Project("{FAE04EC0-301F-11D3-BF4B-00C04F79EFBC}") = "UnitTestProject3", "UnitTestProject3\UnitTestProject3.csproj", "{E7CD81EB-34C7-4F17-98A3-CA386B875C67}"
EndProject
Global
	GlobalSection(SolutionConfigurationPlatforms) = preSolution
		Debug|Any CPU = Debug|Any CPU
		Release|Any CPU = Release|Any CPU
	EndGlobalSection
	GlobalSection(ProjectConfigurationPlatforms) = postSolution
		{E7CD81EB-34C7-4F17-98A3-CA386B875C67}.Debug|Any CPU.ActiveCfg = Debug|Any CPU
		{E7CD81EB-34C7-4F17-98A3-CA386B875C67}.Debug|Any CPU.Build.0 = Debug|Any CPU
		{E7CD81EB-34C7-4F17-98A3-CA386B875C67}.Release|Any CPU.ActiveCfg = Release|Any CPU
		{E7CD81EB-34C7-4F17-98A3-CA386B875C67}.Release|Any CPU.Build.0 = Release|Any CPU
	EndGlobalSection
	GlobalSection(SolutionProperties) = preSolution
		HideSolutionNode = FALSE
	EndGlobalSection
	GlobalSection(ExtensibilityGlobals) = postSolution
		SolutionGuid = {8A2EBB29-1159-4BC3-B2DC-B755530DA61A}
	EndGlobalSection
EndGlobal
